
Microsoft Visual Studio Solution File, Format Version 12.00
# Visual Studio Version 17
VisualStudioVersion = 17.9.34701.34
MinimumVisualStudioVersion = 10.0.40219.1
Project("{FAE04EC0-301F-11D3-BF4B-00C04F79EFBC}") = "SistemaInventarioV6", "SistemaInventarioV6\SistemaInventarioV6.csproj", "{C80E9D88-592D-4AF9-8B8F-C67193AD3A45}"
EndProject
Global
	GlobalSection(SolutionConfigurationPlatforms) = preSolution
		Debug|Any CPU = Debug|Any CPU
		Release|Any CPU = Release|Any CPU
	EndGlobalSection
	GlobalSection(ProjectConfigurationPlatforms) = postSolution
		{C80E9D88-592D-4AF9-8B8F-C67193AD3A45}.Debug|Any CPU.ActiveCfg = Debug|Any CPU
		{C80E9D88-592D-4AF9-8B8F-C67193AD3A45}.Debug|Any CPU.Build.0 = Debug|Any CPU
		{C80E9D88-592D-4AF9-8B8F-C67193AD3A45}.Release|Any CPU.ActiveCfg = Release|Any CPU
		{C80E9D88-592D-4AF9-8B8F-C67193AD3A45}.Release|Any CPU.Build.0 = Release|Any CPU
	EndGlobalSection
	GlobalSection(SolutionProperties) = preSolution
		HideSolutionNode = FALSE
	EndGlobalSection
	GlobalSection(ExtensibilityGlobals) = postSolution
		SolutionGuid = {D92866BE-93B8-42FD-B430-F5D0A7580AF4}
	EndGlobalSection
EndGlobal
